
Microsoft Visual Studio Solution File, Format Version 12.00
# Visual Studio Version 17
VisualStudioVersion = 17.0.31903.59
MinimumVisualStudioVersion = 10.0.40219.1
Project("{FAE04EC0-301F-11D3-BF4B-00C04F79EFBC}") = "Lınq-Homework1", "Lınq-Homework1\Lınq-Homework1.csproj", "{65AFF3A5-1B78-4076-919D-26E0A9D313D2}"
EndProject
Project("{FAE04EC0-301F-11D3-BF4B-00C04F79EFBC}") = "Example1", "Example1\Example1.csproj", "{9B21F602-FA4E-41D6-8235-D8FCB65D6EB7}"
EndProject
Project("{FAE04EC0-301F-11D3-BF4B-00C04F79EFBC}") = "Example2", "Example2\Example2.csproj", "{A8E47FE9-458C-434D-889B-0ACC0269FB78}"
EndProject
Project("{FAE04EC0-301F-11D3-BF4B-00C04F79EFBC}") = "Example3", "Example3\Example3.csproj", "{3E6EA145-C57A-4B21-A9B8-6C6EA2FFEF8E}"
EndProject
Project("{FAE04EC0-301F-11D3-BF4B-00C04F79EFBC}") = "Lınq-Homework2", "Lınq-Homework2\Lınq-Homework2.csproj", "{831B8792-9B0B-4C6F-8FEB-BAF44E1D23CD}"
EndProject
Project("{FAE04EC0-301F-11D3-BF4B-00C04F79EFBC}") = "Lınq-Homework3", "Lınq-Homework3\Lınq-Homework3.csproj", "{40D8EC3D-E07E-47C9-9E38-E1F3BE2DB4D1}"
EndProject
Project("{FAE04EC0-301F-11D3-BF4B-00C04F79EFBC}") = "Example4", "Example4\Example4.csproj", "{8CCE77F4-E000-42A0-B655-5E9F48E8DD8D}"
EndProject
Project("{FAE04EC0-301F-11D3-BF4B-00C04F79EFBC}") = "Lınq-Homework4", "Lınq-Homework4\Lınq-Homework4.csproj", "{017B25EC-0B87-4AD3-B49D-9A2483982944}"
EndProject
Project("{FAE04EC0-301F-11D3-BF4B-00C04F79EFBC}") = "Lınq-Homework5", "Lınq-Homework5\Lınq-Homework5.csproj", "{CE5903AF-EF69-45EE-9C2A-2C4D0EBA33AB}"
EndProject
Project("{FAE04EC0-301F-11D3-BF4B-00C04F79EFBC}") = "Example5", "Example5\Example5.csproj", "{38BD9E52-1279-4128-A0E0-447BD1031BAA}"
EndProject
Global
	GlobalSection(SolutionConfigurationPlatforms) = preSolution
		Debug|Any CPU = Debug|Any CPU
		Release|Any CPU = Release|Any CPU
	EndGlobalSection
	GlobalSection(ProjectConfigurationPlatforms) = postSolution
		{65AFF3A5-1B78-4076-919D-26E0A9D313D2}.Debug|Any CPU.ActiveCfg = Debug|Any CPU
		{65AFF3A5-1B78-4076-919D-26E0A9D313D2}.Debug|Any CPU.Build.0 = Debug|Any CPU
		{65AFF3A5-1B78-4076-919D-26E0A9D313D2}.Release|Any CPU.ActiveCfg = Release|Any CPU
		{65AFF3A5-1B78-4076-919D-26E0A9D313D2}.Release|Any CPU.Build.0 = Release|Any CPU
		{9B21F602-FA4E-41D6-8235-D8FCB65D6EB7}.Debug|Any CPU.ActiveCfg = Debug|Any CPU
		{9B21F602-FA4E-41D6-8235-D8FCB65D6EB7}.Debug|Any CPU.Build.0 = Debug|Any CPU
		{9B21F602-FA4E-41D6-8235-D8FCB65D6EB7}.Release|Any CPU.ActiveCfg = Release|Any CPU
		{9B21F602-FA4E-41D6-8235-D8FCB65D6EB7}.Release|Any CPU.Build.0 = Release|Any CPU
		{A8E47FE9-458C-434D-889B-0ACC0269FB78}.Debug|Any CPU.ActiveCfg = Debug|Any CPU
		{A8E47FE9-458C-434D-889B-0ACC0269FB78}.Debug|Any CPU.Build.0 = Debug|Any CPU
		{A8E47FE9-458C-434D-889B-0ACC0269FB78}.Release|Any CPU.ActiveCfg = Release|Any CPU
		{A8E47FE9-458C-434D-889B-0ACC0269FB78}.Release|Any CPU.Build.0 = Release|Any CPU
		{3E6EA145-C57A-4B21-A9B8-6C6EA2FFEF8E}.Debug|Any CPU.ActiveCfg = Debug|Any CPU
		{3E6EA145-C57A-4B21-A9B8-6C6EA2FFEF8E}.Debug|Any CPU.Build.0 = Debug|Any CPU
		{3E6EA145-C57A-4B21-A9B8-6C6EA2FFEF8E}.Release|Any CPU.ActiveCfg = Release|Any CPU
		{3E6EA145-C57A-4B21-A9B8-6C6EA2FFEF8E}.Release|Any CPU.Build.0 = Release|Any CPU
		{831B8792-9B0B-4C6F-8FEB-BAF44E1D23CD}.Debug|Any CPU.ActiveCfg = Debug|Any CPU
		{831B8792-9B0B-4C6F-8FEB-BAF44E1D23CD}.Debug|Any CPU.Build.0 = Debug|Any CPU
		{831B8792-9B0B-4C6F-8FEB-BAF44E1D23CD}.Release|Any CPU.ActiveCfg = Release|Any CPU
		{831B8792-9B0B-4C6F-8FEB-BAF44E1D23CD}.Release|Any CPU.Build.0 = Release|Any CPU
		{40D8EC3D-E07E-47C9-9E38-E1F3BE2DB4D1}.Debug|Any CPU.ActiveCfg = Debug|Any CPU
		{40D8EC3D-E07E-47C9-9E38-E1F3BE2DB4D1}.Debug|Any CPU.Build.0 = Debug|Any CPU
		{40D8EC3D-E07E-47C9-9E38-E1F3BE2DB4D1}.Release|Any CPU.ActiveCfg = Release|Any CPU
		{40D8EC3D-E07E-47C9-9E38-E1F3BE2DB4D1}.Release|Any CPU.Build.0 = Release|Any CPU
		{8CCE77F4-E000-42A0-B655-5E9F48E8DD8D}.Debug|Any CPU.ActiveCfg = Debug|Any CPU
		{8CCE77F4-E000-42A0-B655-5E9F48E8DD8D}.Debug|Any CPU.Build.0 = Debug|Any CPU
		{8CCE77F4-E000-42A0-B655-5E9F48E8DD8D}.Release|Any CPU.ActiveCfg = Release|Any CPU
		{8CCE77F4-E000-42A0-B655-5E9F48E8DD8D}.Release|Any CPU.Build.0 = Release|Any CPU
		{017B25EC-0B87-4AD3-B49D-9A2483982944}.Debug|Any CPU.ActiveCfg = Debug|Any CPU
		{017B25EC-0B87-4AD3-B49D-9A2483982944}.Debug|Any CPU.Build.0 = Debug|Any CPU
		{017B25EC-0B87-4AD3-B49D-9A2483982944}.Release|Any CPU.ActiveCfg = Release|Any CPU
		{017B25EC-0B87-4AD3-B49D-9A2483982944}.Release|Any CPU.Build.0 = Release|Any CPU
		{CE5903AF-EF69-45EE-9C2A-2C4D0EBA33AB}.Debug|Any CPU.ActiveCfg = Debug|Any CPU
		{CE5903AF-EF69-45EE-9C2A-2C4D0EBA33AB}.Debug|Any CPU.Build.0 = Debug|Any CPU
		{CE5903AF-EF69-45EE-9C2A-2C4D0EBA33AB}.Release|Any CPU.ActiveCfg = Release|Any CPU
		{CE5903AF-EF69-45EE-9C2A-2C4D0EBA33AB}.Release|Any CPU.Build.0 = Release|Any CPU
		{38BD9E52-1279-4128-A0E0-447BD1031BAA}.Debug|Any CPU.ActiveCfg = Debug|Any CPU
		{38BD9E52-1279-4128-A0E0-447BD1031BAA}.Debug|Any CPU.Build.0 = Debug|Any CPU
		{38BD9E52-1279-4128-A0E0-447BD1031BAA}.Release|Any CPU.ActiveCfg = Release|Any CPU
		{38BD9E52-1279-4128-A0E0-447BD1031BAA}.Release|Any CPU.Build.0 = Release|Any CPU
	EndGlobalSection
	GlobalSection(SolutionProperties) = preSolution
		HideSolutionNode = FALSE
	EndGlobalSection
EndGlobal
