
Microsoft Visual Studio Solution File, Format Version 12.00
# Visual Studio Version 17
VisualStudioVersion = 17.0.31903.59
MinimumVisualStudioVersion = 10.0.40219.1
Project("{FAE04EC0-301F-11D3-BF4B-00C04F79EFBC}") = "CodeFirstBasic", "CodeFirstBasic\CodeFirstBasic.csproj", "{DC7CC413-FF5A-4209-A536-C968FA5ECCE0}"
EndProject
Project("{FAE04EC0-301F-11D3-BF4B-00C04F79EFBC}") = "CodeFirstRelation", "CodeFirstRelation\CodeFirstRelation.csproj", "{12E50787-72A7-42FC-9FFA-8F65A01778D7}"
EndProject
Project("{FAE04EC0-301F-11D3-BF4B-00C04F79EFBC}") = "Survivor", "Survivor\Survivor.csproj", "{8943C30B-75BB-400F-ABD1-4A5495A28A62}"
EndProject
Global
	GlobalSection(SolutionConfigurationPlatforms) = preSolution
		Debug|Any CPU = Debug|Any CPU
		Release|Any CPU = Release|Any CPU
	EndGlobalSection
	GlobalSection(SolutionProperties) = preSolution
		HideSolutionNode = FALSE
	EndGlobalSection
	GlobalSection(ProjectConfigurationPlatforms) = postSolution
		{DC7CC413-FF5A-4209-A536-C968FA5ECCE0}.Debug|Any CPU.ActiveCfg = Debug|Any CPU
		{DC7CC413-FF5A-4209-A536-C968FA5ECCE0}.Debug|Any CPU.Build.0 = Debug|Any CPU
		{DC7CC413-FF5A-4209-A536-C968FA5ECCE0}.Release|Any CPU.ActiveCfg = Release|Any CPU
		{DC7CC413-FF5A-4209-A536-C968FA5ECCE0}.Release|Any CPU.Build.0 = Release|Any CPU
		{12E50787-72A7-42FC-9FFA-8F65A01778D7}.Debug|Any CPU.ActiveCfg = Debug|Any CPU
		{12E50787-72A7-42FC-9FFA-8F65A01778D7}.Debug|Any CPU.Build.0 = Debug|Any CPU
		{12E50787-72A7-42FC-9FFA-8F65A01778D7}.Release|Any CPU.ActiveCfg = Release|Any CPU
		{12E50787-72A7-42FC-9FFA-8F65A01778D7}.Release|Any CPU.Build.0 = Release|Any CPU
		{8943C30B-75BB-400F-ABD1-4A5495A28A62}.Debug|Any CPU.ActiveCfg = Debug|Any CPU
		{8943C30B-75BB-400F-ABD1-4A5495A28A62}.Debug|Any CPU.Build.0 = Debug|Any CPU
		{8943C30B-75BB-400F-ABD1-4A5495A28A62}.Release|Any CPU.ActiveCfg = Release|Any CPU
		{8943C30B-75BB-400F-ABD1-4A5495A28A62}.Release|Any CPU.Build.0 = Release|Any CPU
	EndGlobalSection
EndGlobal
