
Microsoft Visual Studio Solution File, Format Version 12.00
# Visual Studio Version 17
VisualStudioVersion = 17.0.31903.59
MinimumVisualStudioVersion = 10.0.40219.1
Project("{FAE04EC0-301F-11D3-BF4B-00C04F79EFBC}") = "homweork1", "ConsoleApp1\homweork1.csproj", "{0ED6520B-0459-4666-830D-F32F6CC2B819}"
EndProject
Project("{FAE04EC0-301F-11D3-BF4B-00C04F79EFBC}") = "homework2", "ConsoleApp3\homework2.csproj", "{21861402-5856-4688-AA90-69DA858C2624}"
EndProject
Project("{FAE04EC0-301F-11D3-BF4B-00C04F79EFBC}") = "homework3", "ConsoleApp2\homework3.csproj", "{1F32FEF4-3184-427D-86C7-7F78A9B3C4A8}"
EndProject
Global
	GlobalSection(SolutionConfigurationPlatforms) = preSolution
		Debug|Any CPU = Debug|Any CPU
		Release|Any CPU = Release|Any CPU
	EndGlobalSection
	GlobalSection(ProjectConfigurationPlatforms) = postSolution
		{0ED6520B-0459-4666-830D-F32F6CC2B819}.Debug|Any CPU.ActiveCfg = Debug|Any CPU
		{0ED6520B-0459-4666-830D-F32F6CC2B819}.Debug|Any CPU.Build.0 = Debug|Any CPU
		{0ED6520B-0459-4666-830D-F32F6CC2B819}.Release|Any CPU.ActiveCfg = Release|Any CPU
		{0ED6520B-0459-4666-830D-F32F6CC2B819}.Release|Any CPU.Build.0 = Release|Any CPU
		{21861402-5856-4688-AA90-69DA858C2624}.Debug|Any CPU.ActiveCfg = Debug|Any CPU
		{21861402-5856-4688-AA90-69DA858C2624}.Debug|Any CPU.Build.0 = Debug|Any CPU
		{21861402-5856-4688-AA90-69DA858C2624}.Release|Any CPU.ActiveCfg = Release|Any CPU
		{21861402-5856-4688-AA90-69DA858C2624}.Release|Any CPU.Build.0 = Release|Any CPU
		{1F32FEF4-3184-427D-86C7-7F78A9B3C4A8}.Debug|Any CPU.ActiveCfg = Debug|Any CPU
		{1F32FEF4-3184-427D-86C7-7F78A9B3C4A8}.Debug|Any CPU.Build.0 = Debug|Any CPU
		{1F32FEF4-3184-427D-86C7-7F78A9B3C4A8}.Release|Any CPU.ActiveCfg = Release|Any CPU
		{1F32FEF4-3184-427D-86C7-7F78A9B3C4A8}.Release|Any CPU.Build.0 = Release|Any CPU
	EndGlobalSection
	GlobalSection(SolutionProperties) = preSolution
		HideSolutionNode = FALSE
	EndGlobalSection
EndGlobal
