
Microsoft Visual Studio Solution File, Format Version 12.00
# Visual Studio Version 17
VisualStudioVersion = 17.0.31903.59
MinimumVisualStudioVersion = 10.0.40219.1
Project("{FAE04EC0-301F-11D3-BF4B-00C04F79EFBC}") = "Survivor", "Survivor\Survivor.csproj", "{A527C655-458E-4BD4-8105-1D9DFE49C476}"
EndProject
Global
	GlobalSection(SolutionConfigurationPlatforms) = preSolution
		Debug|Any CPU = Debug|Any CPU
		Release|Any CPU = Release|Any CPU
	EndGlobalSection
	GlobalSection(SolutionProperties) = preSolution
		HideSolutionNode = FALSE
	EndGlobalSection
	GlobalSection(ProjectConfigurationPlatforms) = postSolution
		{A527C655-458E-4BD4-8105-1D9DFE49C476}.Debug|Any CPU.ActiveCfg = Debug|Any CPU
		{A527C655-458E-4BD4-8105-1D9DFE49C476}.Debug|Any CPU.Build.0 = Debug|Any CPU
		{A527C655-458E-4BD4-8105-1D9DFE49C476}.Release|Any CPU.ActiveCfg = Release|Any CPU
		{A527C655-458E-4BD4-8105-1D9DFE49C476}.Release|Any CPU.Build.0 = Release|Any CPU
	EndGlobalSection
EndGlobal
