
Microsoft Visual Studio Solution File, Format Version 12.00
# Visual Studio Version 17
VisualStudioVersion = 17.0.31903.59
MinimumVisualStudioVersion = 10.0.40219.1
Project("{FAE04EC0-301F-11D3-BF4B-00C04F79EFBC}") = "homework1", "homework1\homework1.csproj", "{10506405-99D0-4C7D-A2A0-DEFC2A6BCCE1}"
EndProject
Project("{FAE04EC0-301F-11D3-BF4B-00C04F79EFBC}") = "homework2", "homework2\homework2.csproj", "{58CEE776-B4B2-439C-BEDB-B3E20B432ABE}"
EndProject
Project("{FAE04EC0-301F-11D3-BF4B-00C04F79EFBC}") = "homework3", "homework3\homework3.csproj", "{84BA19C4-B242-473D-9D6F-D635819565AD}"
EndProject
Project("{FAE04EC0-301F-11D3-BF4B-00C04F79EFBC}") = "Tatil Uygulaması", "Tatil Uygulaması\Tatil Uygulaması.csproj", "{330C1890-16E5-42EB-8EB5-3D0230DAE13C}"
EndProject
Project("{FAE04EC0-301F-11D3-BF4B-00C04F79EFBC}") = "homework5", "homework5\homework5.csproj", "{3F1CF57D-69FE-4FC0-A371-852273E36B81}"
EndProject
Global
	GlobalSection(SolutionConfigurationPlatforms) = preSolution
		Debug|Any CPU = Debug|Any CPU
		Release|Any CPU = Release|Any CPU
	EndGlobalSection
	GlobalSection(ProjectConfigurationPlatforms) = postSolution
		{10506405-99D0-4C7D-A2A0-DEFC2A6BCCE1}.Debug|Any CPU.ActiveCfg = Debug|Any CPU
		{10506405-99D0-4C7D-A2A0-DEFC2A6BCCE1}.Debug|Any CPU.Build.0 = Debug|Any CPU
		{10506405-99D0-4C7D-A2A0-DEFC2A6BCCE1}.Release|Any CPU.ActiveCfg = Release|Any CPU
		{10506405-99D0-4C7D-A2A0-DEFC2A6BCCE1}.Release|Any CPU.Build.0 = Release|Any CPU
		{58CEE776-B4B2-439C-BEDB-B3E20B432ABE}.Debug|Any CPU.ActiveCfg = Debug|Any CPU
		{58CEE776-B4B2-439C-BEDB-B3E20B432ABE}.Debug|Any CPU.Build.0 = Debug|Any CPU
		{58CEE776-B4B2-439C-BEDB-B3E20B432ABE}.Release|Any CPU.ActiveCfg = Release|Any CPU
		{58CEE776-B4B2-439C-BEDB-B3E20B432ABE}.Release|Any CPU.Build.0 = Release|Any CPU
		{84BA19C4-B242-473D-9D6F-D635819565AD}.Debug|Any CPU.ActiveCfg = Debug|Any CPU
		{84BA19C4-B242-473D-9D6F-D635819565AD}.Debug|Any CPU.Build.0 = Debug|Any CPU
		{84BA19C4-B242-473D-9D6F-D635819565AD}.Release|Any CPU.ActiveCfg = Release|Any CPU
		{84BA19C4-B242-473D-9D6F-D635819565AD}.Release|Any CPU.Build.0 = Release|Any CPU
		{330C1890-16E5-42EB-8EB5-3D0230DAE13C}.Debug|Any CPU.ActiveCfg = Debug|Any CPU
		{330C1890-16E5-42EB-8EB5-3D0230DAE13C}.Debug|Any CPU.Build.0 = Debug|Any CPU
		{330C1890-16E5-42EB-8EB5-3D0230DAE13C}.Release|Any CPU.ActiveCfg = Release|Any CPU
		{330C1890-16E5-42EB-8EB5-3D0230DAE13C}.Release|Any CPU.Build.0 = Release|Any CPU
		{3F1CF57D-69FE-4FC0-A371-852273E36B81}.Debug|Any CPU.ActiveCfg = Debug|Any CPU
		{3F1CF57D-69FE-4FC0-A371-852273E36B81}.Debug|Any CPU.Build.0 = Debug|Any CPU
		{3F1CF57D-69FE-4FC0-A371-852273E36B81}.Release|Any CPU.ActiveCfg = Release|Any CPU
		{3F1CF57D-69FE-4FC0-A371-852273E36B81}.Release|Any CPU.Build.0 = Release|Any CPU
	EndGlobalSection
	GlobalSection(SolutionProperties) = preSolution
		HideSolutionNode = FALSE
	EndGlobalSection
EndGlobal
