
Microsoft Visual Studio Solution File, Format Version 12.00
# Visual Studio Version 17
VisualStudioVersion = 17.0.31903.59
MinimumVisualStudioVersion = 10.0.40219.1
Project("{FAE04EC0-301F-11D3-BF4B-00C04F79EFBC}") = "homework1", "homework1\homework1.csproj", "{2B0CDB54-FDAA-431F-BA8D-30D81FF4626E}"
EndProject
Project("{FAE04EC0-301F-11D3-BF4B-00C04F79EFBC}") = "homework2", "homework2\homework2.csproj", "{E0BD98C5-11A8-4946-86C4-157B50843EFE}"
EndProject
Project("{FAE04EC0-301F-11D3-BF4B-00C04F79EFBC}") = "homework3", "homework3\homework3.csproj", "{C40C1F51-9997-4220-BCFE-EBE518204C43}"
EndProject
Project("{FAE04EC0-301F-11D3-BF4B-00C04F79EFBC}") = "homework4", "homework4\homework4.csproj", "{F6E2147A-00E6-4B7A-AEA3-79DCF922B8E1}"
EndProject
Global
	GlobalSection(SolutionConfigurationPlatforms) = preSolution
		Debug|Any CPU = Debug|Any CPU
		Release|Any CPU = Release|Any CPU
	EndGlobalSection
	GlobalSection(SolutionProperties) = preSolution
		HideSolutionNode = FALSE
	EndGlobalSection
	GlobalSection(ProjectConfigurationPlatforms) = postSolution
		{2B0CDB54-FDAA-431F-BA8D-30D81FF4626E}.Debug|Any CPU.ActiveCfg = Debug|Any CPU
		{2B0CDB54-FDAA-431F-BA8D-30D81FF4626E}.Debug|Any CPU.Build.0 = Debug|Any CPU
		{2B0CDB54-FDAA-431F-BA8D-30D81FF4626E}.Release|Any CPU.ActiveCfg = Release|Any CPU
		{2B0CDB54-FDAA-431F-BA8D-30D81FF4626E}.Release|Any CPU.Build.0 = Release|Any CPU
		{E0BD98C5-11A8-4946-86C4-157B50843EFE}.Debug|Any CPU.ActiveCfg = Debug|Any CPU
		{E0BD98C5-11A8-4946-86C4-157B50843EFE}.Debug|Any CPU.Build.0 = Debug|Any CPU
		{E0BD98C5-11A8-4946-86C4-157B50843EFE}.Release|Any CPU.ActiveCfg = Release|Any CPU
		{E0BD98C5-11A8-4946-86C4-157B50843EFE}.Release|Any CPU.Build.0 = Release|Any CPU
		{C40C1F51-9997-4220-BCFE-EBE518204C43}.Debug|Any CPU.ActiveCfg = Debug|Any CPU
		{C40C1F51-9997-4220-BCFE-EBE518204C43}.Debug|Any CPU.Build.0 = Debug|Any CPU
		{C40C1F51-9997-4220-BCFE-EBE518204C43}.Release|Any CPU.ActiveCfg = Release|Any CPU
		{C40C1F51-9997-4220-BCFE-EBE518204C43}.Release|Any CPU.Build.0 = Release|Any CPU
		{F6E2147A-00E6-4B7A-AEA3-79DCF922B8E1}.Debug|Any CPU.ActiveCfg = Debug|Any CPU
		{F6E2147A-00E6-4B7A-AEA3-79DCF922B8E1}.Debug|Any CPU.Build.0 = Debug|Any CPU
		{F6E2147A-00E6-4B7A-AEA3-79DCF922B8E1}.Release|Any CPU.ActiveCfg = Release|Any CPU
		{F6E2147A-00E6-4B7A-AEA3-79DCF922B8E1}.Release|Any CPU.Build.0 = Release|Any CPU
	EndGlobalSection
EndGlobal
